// !$*UTF8*$!
{
	archiveVersion = 1;
	classes = {
	};
	objectVersion = 46;
	objects = {

/* Begin PBXBuildFile section */
		DED1E83F1A7A05C4003B7BDB /* AppDelegate.swift in Sources */ = {isa = PBXBuildFile; fileRef = DED1E83E1A7A05C4003B7BDB /* AppDelegate.swift */; };
		DED1E8411A7A05C4003B7BDB /* ViewController.swift in Sources */ = {isa = PBXBuildFile; fileRef = DED1E8401A7A05C4003B7BDB /* ViewController.swift */; };
		DED1E8441A7A05C4003B7BDB /* Main.storyboard in Resources */ = {isa = PBXBuildFile; fileRef = DED1E8421A7A05C4003B7BDB /* Main.storyboard */; };
		DED1E8461A7A05C4003B7BDB /* Images.xcassets in Resources */ = {isa = PBXBuildFile; fileRef = DED1E8451A7A05C4003B7BDB /* Images.xcassets */; };
		DED1E8491A7A05C4003B7BDB /* LaunchScreen.xib in Resources */ = {isa = PBXBuildFile; fileRef = DED1E8471A7A05C4003B7BDB /* LaunchScreen.xib */; };
		DED1E8551A7A05C4003B7BDB /* Cat_YearsTests.swift in Sources */ = {isa = PBXBuildFile; fileRef = DED1E8541A7A05C4003B7BDB /* Cat_YearsTests.swift */; };
		DED1E85F1A7A079F003B7BDB /* cat4.jpg in Resources */ = {isa = PBXBuildFile; fileRef = DED1E85E1A7A079F003B7BDB /* cat4.jpg */; };
/* End PBXBuildFile section */

/* Begin PBXContainerItemProxy section */
		DED1E84F1A7A05C4003B7BDB /* PBXContainerItemProxy */ = {
			isa = PBXContainerItemProxy;
			containerPortal = DED1E8311A7A05C4003B7BDB /* Project object */;
			proxyType = 1;
			remoteGlobalIDString = DED1E8381A7A05C4003B7BDB;
			remoteInfo = "Cat Years";
		};
/* End PBXContainerItemProxy section */

/* Begin PBXFileReference section */
		DED1E8391A7A05C4003B7BDB /* Cat Years.app */ = {isa = PBXFileReference; explicitFileType = wrapper.application; includeInIndex = 0; path = "Cat Years.app"; sourceTree = BUILT_PRODUCTS_DIR; };
		DED1E83D1A7A05C4003B7BDB /* Info.plist */ = {isa = PBXFileReference; lastKnownFileType = text.plist.xml; path = Info.plist; sourceTree = "<group>"; };
		DED1E83E1A7A05C4003B7BDB /* AppDelegate.swift */ = {isa = PBXFileReference; lastKnownFileType = sourcecode.swift; path = AppDelegate.swift; sourceTree = "<group>"; };
		DED1E8401A7A05C4003B7BDB /* ViewController.swift */ = {isa = PBXFileReference; lastKnownFileType = sourcecode.swift; path = ViewController.swift; sourceTree = "<group>"; };
		DED1E8431A7A05C4003B7BDB /* Base */ = {isa = PBXFileReference; lastKnownFileType = file.storyboard; name = Base; path = Base.lproj/Main.storyboard; sourceTree = "<group>"; };
		DED1E8451A7A05C4003B7BDB /* Images.xcassets */ = {isa = PBXFileReference; lastKnownFileType = folder.assetcatalog; path = Images.xcassets; sourceTree = "<group>"; };
		DED1E8481A7A05C4003B7BDB /* Base */ = {isa = PBXFileReference; lastKnownFileType = file.xib; name = Base; path = Base.lproj/LaunchScreen.xib; sourceTree = "<group>"; };
		DED1E84E1A7A05C4003B7BDB /* Cat YearsTests.xctest */ = {isa = PBXFileReference; explicitFileType = wrapper.cfbundle; includeInIndex = 0; path = "Cat YearsTests.xctest"; sourceTree = BUILT_PRODUCTS_DIR; };
		DED1E8531A7A05C4003B7BDB /* Info.plist */ = {isa = PBXFileReference; lastKnownFileType = text.plist.xml; path = Info.plist; sourceTree = "<group>"; };
		DED1E8541A7A05C4003B7BDB /* Cat_YearsTests.swift */ = {isa = PBXFileReference; lastKnownFileType = sourcecode.swift; path = Cat_YearsTests.swift; sourceTree = "<group>"; };
		DED1E85E1A7A079F003B7BDB /* cat4.jpg */ = {isa = PBXFileReference; lastKnownFileType = image.jpeg; path = cat4.jpg; sourceTree = "<group>"; };
/* End PBXFileReference section */

/* Begin PBXFrameworksBuildPhase section */
		DED1E8361A7A05C4003B7BDB /* Frameworks */ = {
			isa = PBXFrameworksBuildPhase;
			buildActionMask = 2147483647;
			files = (
			);
			runOnlyForDeploymentPostprocessing = 0;
		};
		DED1E84B1A7A05C4003B7BDB /* Frameworks */ = {
			isa = PBXFrameworksBuildPhase;
			buildActionMask = 2147483647;
			files = (
			);
			runOnlyForDeploymentPostprocessing = 0;
		};
/* End PBXFrameworksBuildPhase section */

/* Begin PBXGroup section */
		DED1E8301A7A05C4003B7BDB = {
			isa = PBXGroup;
			children = (
				DED1E83B1A7A05C4003B7BDB /* Cat Years */,
				DED1E8511A7A05C4003B7BDB /* Cat YearsTests */,
				DED1E83A1A7A05C4003B7BDB /* Products */,
			);
			sourceTree = "<group>";
		};
		DED1E83A1A7A05C4003B7BDB /* Products */ = {
			isa = PBXGroup;
			children = (
				DED1E8391A7A05C4003B7BDB /* Cat Years.app */,
				DED1E84E1A7A05C4003B7BDB /* Cat YearsTests.xctest */,
			);
			name = Products;
			sourceTree = "<group>";
		};
		DED1E83B1A7A05C4003B7BDB /* Cat Years */ = {
			isa = PBXGroup;
			children = (
				DED1E83E1A7A05C4003B7BDB /* AppDelegate.swift */,
				DED1E8401A7A05C4003B7BDB /* ViewController.swift */,
				DED1E8421A7A05C4003B7BDB /* Main.storyboard */,
				DED1E85E1A7A079F003B7BDB /* cat4.jpg */,
				DED1E8451A7A05C4003B7BDB /* Images.xcassets */,
				DED1E8471A7A05C4003B7BDB /* LaunchScreen.xib */,
				DED1E83C1A7A05C4003B7BDB /* Supporting Files */,
			);
			path = "Cat Years";
			sourceTree = "<group>";
		};
		DED1E83C1A7A05C4003B7BDB /* Supporting Files */ = {
			isa = PBXGroup;
			children = (
				DED1E83D1A7A05C4003B7BDB /* Info.plist */,
			);
			name = "Supporting Files";
			sourceTree = "<group>";
		};
		DED1E8511A7A05C4003B7BDB /* Cat YearsTests */ = {
			isa = PBXGroup;
			children = (
				DED1E8541A7A05C4003B7BDB /* Cat_YearsTests.swift */,
				DED1E8521A7A05C4003B7BDB /* Supporting Files */,
			);
			path = "Cat YearsTests";
			sourceTree = "<group>";
		};
		DED1E8521A7A05C4003B7BDB /* Supporting Files */ = {
			isa = PBXGroup;
			children = (
				DED1E8531A7A05C4003B7BDB /* Info.plist */,
			);
			name = "Supporting Files";
			sourceTree = "<group>";
		};
/* End PBXGroup section */

/* Begin PBXNativeTarget section */
		DED1E8381A7A05C4003B7BDB /* Cat Years */ = {
			isa = PBXNativeTarget;
			buildConfigurationList = DED1E8581A7A05C4003B7BDB /* Build configuration list for PBXNativeTarget "Cat Years" */;
			buildPhases = (
				DED1E8351A7A05C4003B7BDB /* Sources */,
				DED1E8361A7A05C4003B7BDB /* Frameworks */,
				DED1E8371A7A05C4003B7BDB /* Resources */,
			);
			buildRules = (
			);
			dependencies = (
			);
			name = "Cat Years";
			productName = "Cat Years";
			productReference = DED1E8391A7A05C4003B7BDB /* Cat Years.app */;
			productType = "com.apple.product-type.application";
		};
		DED1E84D1A7A05C4003B7BDB /* Cat YearsTests */ = {
			isa = PBXNativeTarget;
			buildConfigurationList = DED1E85B1A7A05C4003B7BDB /* Build configuration list for PBXNativeTarget "Cat YearsTests" */;
			buildPhases = (
				DED1E84A1A7A05C4003B7BDB /* Sources */,
				DED1E84B1A7A05C4003B7BDB /* Frameworks */,
				DED1E84C1A7A05C4003B7BDB /* Resources */,
			);
			buildRules = (
			);
			dependencies = (
				DED1E8501A7A05C4003B7BDB /* PBXTargetDependency */,
			);
			name = "Cat YearsTests";
			productName = "Cat YearsTests";
			productReference = DED1E84E1A7A05C4003B7BDB /* Cat YearsTests.xctest */;
			productType = "com.apple.product-type.bundle.unit-test";
		};
/* End PBXNativeTarget section */

/* Begin PBXProject section */
		DED1E8311A7A05C4003B7BDB /* Project object */ = {
			isa = PBXProject;
			attributes = {
				LastUpgradeCheck = 0610;
				ORGANIZATIONNAME = "Santiago Peláez";
				TargetAttributes = {
					DED1E8381A7A05C4003B7BDB = {
						CreatedOnToolsVersion = 6.1.1;
					};
					DED1E84D1A7A05C4003B7BDB = {
						CreatedOnToolsVersion = 6.1.1;
						TestTargetID = DED1E8381A7A05C4003B7BDB;
					};
				};
			};
			buildConfigurationList = DED1E8341A7A05C4003B7BDB /* Build configuration list for PBXProject "Cat Years" */;
			compatibilityVersion = "Xcode 3.2";
			developmentRegion = English;
			hasScannedForEncodings = 0;
			knownRegions = (
				en,
				Base,
			);
			mainGroup = DED1E8301A7A05C4003B7BDB;
			productRefGroup = DED1E83A1A7A05C4003B7BDB /* Products */;
			projectDirPath = "";
			projectRoot = "";
			targets = (
				DED1E8381A7A05C4003B7BDB /* Cat Years */,
				DED1E84D1A7A05C4003B7BDB /* Cat YearsTests */,
			);
		};
/* End PBXProject section */

/* Begin PBXResourcesBuildPhase section */
		DED1E8371A7A05C4003B7BDB /* Resources */ = {
			isa = PBXResourcesBuildPhase;
			buildActionMask = 2147483647;
			files = (
				DED1E8441A7A05C4003B7BDB /* Main.storyboard in Resources */,
				DED1E8491A7A05C4003B7BDB /* LaunchScreen.xib in Resources */,
				DED1E8461A7A05C4003B7BDB /* Images.xcassets in Resources */,
				DED1E85F1A7A079F003B7BDB /* cat4.jpg in Resources */,
			);
			runOnlyForDeploymentPostprocessing = 0;
		};
		DED1E84C1A7A05C4003B7BDB /* Resources */ = {
			isa = PBXResourcesBuildPhase;
			buildActionMask = 2147483647;
			files = (
			);
			runOnlyForDeploymentPostprocessing = 0;
		};
/* End PBXResourcesBuildPhase section */

/* Begin PBXSourcesBuildPhase section */
		DED1E8351A7A05C4003B7BDB /* Sources */ = {
			isa = PBXSourcesBuildPhase;
			buildActionMask = 2147483647;
			files = (
				DED1E8411A7A05C4003B7BDB /* ViewController.swift in Sources */,
				DED1E83F1A7A05C4003B7BDB /* AppDelegate.swift in Sources */,
			);
			runOnlyForDeploymentPostprocessing = 0;
		};
		DED1E84A1A7A05C4003B7BDB /* Sources */ = {
			isa = PBXSourcesBuildPhase;
			buildActionMask = 2147483647;
			files = (
				DED1E8551A7A05C4003B7BDB /* Cat_YearsTests.swift in Sources */,
			);
			runOnlyForDeploymentPostprocessing = 0;
		};
/* End PBXSourcesBuildPhase section */

/* Begin PBXTargetDependency section */
		DED1E8501A7A05C4003B7BDB /* PBXTargetDependency */ = {
			isa = PBXTargetDependency;
			target = DED1E8381A7A05C4003B7BDB /* Cat Years */;
			targetProxy = DED1E84F1A7A05C4003B7BDB /* PBXContainerItemProxy */;
		};
/* End PBXTargetDependency section */

/* Begin PBXVariantGroup section */
		DED1E8421A7A05C4003B7BDB /* Main.storyboard */ = {
			isa = PBXVariantGroup;
			children = (
				DED1E8431A7A05C4003B7BDB /* Base */,
			);
			name = Main.storyboard;
			sourceTree = "<group>";
		};
		DED1E8471A7A05C4003B7BDB /* LaunchScreen.xib */ = {
			isa = PBXVariantGroup;
			children = (
				DED1E8481A7A05C4003B7BDB /* Base */,
			);
			name = LaunchScreen.xib;
			sourceTree = "<group>";
		};
/* End PBXVariantGroup section */

/* Begin XCBuildConfiguration section */
		DED1E8561A7A05C4003B7BDB /* Debug */ = {
			isa = XCBuildConfiguration;
			buildSettings = {
				ALWAYS_SEARCH_USER_PATHS = NO;
				CLANG_CXX_LANGUAGE_STANDARD = "gnu++0x";
				CLANG_CXX_LIBRARY = "libc++";
				CLANG_ENABLE_MODULES = YES;
				CLANG_ENABLE_OBJC_ARC = YES;
				CLANG_WARN_BOOL_CONVERSION = YES;
				CLANG_WARN_CONSTANT_CONVERSION = YES;
				CLANG_WARN_DIRECT_OBJC_ISA_USAGE = YES_ERROR;
				CLANG_WARN_EMPTY_BODY = YES;
				CLANG_WARN_ENUM_CONVERSION = YES;
				CLANG_WARN_INT_CONVERSION = YES;
				CLANG_WARN_OBJC_ROOT_CLASS = YES_ERROR;
				CLANG_WARN_UNREACHABLE_CODE = YES;
				CLANG_WARN__DUPLICATE_METHOD_MATCH = YES;
				"CODE_SIGN_IDENTITY[sdk=iphoneos*]" = "iPhone Developer";
				COPY_PHASE_STRIP = NO;
				ENABLE_STRICT_OBJC_MSGSEND = YES;
				GCC_C_LANGUAGE_STANDARD = gnu99;
				GCC_DYNAMIC_NO_PIC = NO;
				GCC_OPTIMIZATION_LEVEL = 0;
				GCC_PREPROCESSOR_DEFINITIONS = (
					"DEBUG=1",
					"$(inherited)",
				);
				GCC_SYMBOLS_PRIVATE_EXTERN = NO;
				GCC_WARN_64_TO_32_BIT_CONVERSION = YES;
				GCC_WARN_ABOUT_RETURN_TYPE = YES_ERROR;
				GCC_WARN_UNDECLARED_SELECTOR = YES;
				GCC_WARN_UNINITIALIZED_AUTOS = YES_AGGRESSIVE;
				GCC_WARN_UNUSED_FUNCTION = YES;
				GCC_WARN_UNUSED_VARIABLE = YES;
				IPHONEOS_DEPLOYMENT_TARGET = 8.1;
				MTL_ENABLE_DEBUG_INFO = YES;
				ONLY_ACTIVE_ARCH = YES;
				SDKROOT = iphoneos;
				SWIFT_OPTIMIZATION_LEVEL = "-Onone";
			};
			name = Debug;
		};
		DED1E8571A7A05C4003B7BDB /* Release */ = {
			isa = XCBuildConfiguration;
			buildSettings = {
				ALWAYS_SEARCH_USER_PATHS = NO;
				CLANG_CXX_LANGUAGE_STANDARD = "gnu++0x";
				CLANG_CXX_LIBRARY = "libc++";
				CLANG_ENABLE_MODULES = YES;
				CLANG_ENABLE_OBJC_ARC = YES;
				CLANG_WARN_BOOL_CONVERSION = YES;
				CLANG_WARN_CONSTANT_CONVERSION = YES;
				CLANG_WARN_DIRECT_OBJC_ISA_USAGE = YES_ERROR;
				CLANG_WARN_EMPTY_BODY = YES;
				CLANG_WARN_ENUM_CONVERSION = YES;
				CLANG_WARN_INT_CONVERSION = YES;
				CLANG_WARN_OBJC_ROOT_CLASS = YES_ERROR;
				CLANG_WARN_UNREACHABLE_CODE = YES;
				CLANG_WARN__DUPLICATE_METHOD_MATCH = YES;
				"CODE_SIGN_IDENTITY[sdk=iphoneos*]" = "iPhone Developer";
				COPY_PHASE_STRIP = YES;
				ENABLE_NS_ASSERTIONS = NO;
				ENABLE_STRICT_OBJC_MSGSEND = YES;
				GCC_C_LANGUAGE_STANDARD = gnu99;
				GCC_WARN_64_TO_32_BIT_CONVERSION = YES;
				GCC_WARN_ABOUT_RETURN_TYPE = YES_ERROR;
				GCC_WARN_UNDECLARED_SELECTOR = YES;
				GCC_WARN_UNINITIALIZED_AUTOS = YES_AGGRESSIVE;
				GCC_WARN_UNUSED_FUNCTION = YES;
				GCC_WARN_UNUSED_VARIABLE = YES;
				IPHONEOS_DEPLOYMENT_TARGET = 8.1;
				MTL_ENABLE_DEBUG_INFO = NO;
				SDKROOT = iphoneos;
				VALIDATE_PRODUCT = YES;
			};
			name = Release;
		};
		DED1E8591A7A05C4003B7BDB /* Debug */ = {
			isa = XCBuildConfiguration;
			buildSettings = {
				ASSETCATALOG_COMPILER_APPICON_NAME = AppIcon;
				INFOPLIST_FILE = "Cat Years/Info.plist";
				LD_RUNPATH_SEARCH_PATHS = "$(inherited) @executable_path/Frameworks";
				PRODUCT_NAME = "$(TARGET_NAME)";
			};
			name = Debug;
		};
		DED1E85A1A7A05C4003B7BDB /* Release */ = {
			isa = XCBuildConfiguration;
			buildSettings = {
				ASSETCATALOG_COMPILER_APPICON_NAME = AppIcon;
				INFOPLIST_FILE = "Cat Years/Info.plist";
				LD_RUNPATH_SEARCH_PATHS = "$(inherited) @executable_path/Frameworks";
				PRODUCT_NAME = "$(TARGET_NAME)";
			};
			name = Release;
		};
		DED1E85C1A7A05C4003B7BDB /* Debug */ = {
			isa = XCBuildConfiguration;
			buildSettings = {
				BUNDLE_LOADER = "$(TEST_HOST)";
				FRAMEWORK_SEARCH_PATHS = (
					"$(SDKROOT)/Developer/Library/Frameworks",
					"$(inherited)",
				);
				GCC_PREPROCESSOR_DEFINITIONS = (
					"DEBUG=1",
					"$(inherited)",
				);
				INFOPLIST_FILE = "Cat YearsTests/Info.plist";
				LD_RUNPATH_SEARCH_PATHS = "$(inherited) @executable_path/Frameworks @loader_path/Frameworks";
				PRODUCT_NAME = "$(TARGET_NAME)";
				TEST_HOST = "$(BUILT_PRODUCTS_DIR)/Cat Years.app/Cat Years";
			};
			name = Debug;
		};
		DED1E85D1A7A05C4003B7BDB /* Release */ = {
			isa = XCBuildConfiguration;
			buildSettings = {
				BUNDLE_LOADER = "$(TEST_HOST)";
				FRAMEWORK_SEARCH_PATHS = (
					"$(SDKROOT)/Developer/Library/Frameworks",
					"$(inherited)",
				);
				INFOPLIST_FILE = "Cat YearsTests/Info.plist";
				LD_RUNPATH_SEARCH_PATHS = "$(inherited) @executable_path/Frameworks @loader_path/Frameworks";
				PRODUCT_NAME = "$(TARGET_NAME)";
				TEST_HOST = "$(BUILT_PRODUCTS_DIR)/Cat Years.app/Cat Years";
			};
			name = Release;
		};
/* End XCBuildConfiguration section */

/* Begin XCConfigurationList section */
		DED1E8341A7A05C4003B7BDB /* Build configuration list for PBXProject "Cat Years" */ = {
			isa = XCConfigurationList;
			buildConfigurations = (
				DED1E8561A7A05C4003B7BDB /* Debug */,
				DED1E8571A7A05C4003B7BDB /* Release */,
			);
			defaultConfigurationIsVisible = 0;
			defaultConfigurationName = Release;
		};
		DED1E8581A7A05C4003B7BDB /* Build configuration list for PBXNativeTarget "Cat Years" */ = {
			isa = XCConfigurationList;
			buildConfigurations = (
				DED1E8591A7A05C4003B7BDB /* Debug */,
				DED1E85A1A7A05C4003B7BDB /* Release */,
			);
			defaultConfigurationIsVisible = 0;
		};
		DED1E85B1A7A05C4003B7BDB /* Build configuration list for PBXNativeTarget "Cat YearsTests" */ = {
			isa = XCConfigurationList;
			buildConfigurations = (
				DED1E85C1A7A05C4003B7BDB /* Debug */,
				DED1E85D1A7A05C4003B7BDB /* Release */,
			);
			defaultConfigurationIsVisible = 0;
		};
/* End XCConfigurationList section */
	};
	rootObject = DED1E8311A7A05C4003B7BDB /* Project object */;
}
